{
  "name": "appvengers-assemble",
  "lockfileVersion": 2,
  "requires": true,
  "packages": {
    "": {
      "dependencies": {
        "orbitcss": "^2.0.0"
      }
    },
    "node_modules/orbitcss": {
      "version": "2.0.0",
      "resolved": "https://registry.npmjs.org/orbitcss/-/orbitcss-2.0.0.tgz",
      "integrity": "sha512-qLNezUOEcZhakbqzh8S2AUxwX4pA+xQCS1qHIRZejFAN9iRMwx9mumnF8U8Gbn2aRnxe2+Lp3vtYQVgGGN0KkQ=="
    }
  },
  "dependencies": {
    "orbitcss": {
      "version": "2.0.0",
      "resolved": "https://registry.npmjs.org/orbitcss/-/orbitcss-2.0.0.tgz",
      "integrity": "sha512-qLNezUOEcZhakbqzh8S2AUxwX4pA+xQCS1qHIRZejFAN9iRMwx9mumnF8U8Gbn2aRnxe2+Lp3vtYQVgGGN0KkQ=="
    }
  }
}
